
Microsoft Visual Studio Solution File, Format Version 12.00
# Visual Studio Version 16
VisualStudioVersion = 16.0.31019.35
MinimumVisualStudioVersion = 10.0.40219.1
Project("{FAE04EC0-301F-11D3-BF4B-00C04F79EFBC}") = "BlazorWebAssemblySandbox", "BlazorWebAssemblySandbox\BlazorWebAssemblySandbox.csproj", "{F54BCD07-47A1-4F3A-83DE-998172A52FFF}"
EndProject
Global
	GlobalSection(SolutionConfigurationPlatforms) = preSolution
		Debug|Any CPU = Debug|Any CPU
		Release|Any CPU = Release|Any CPU
	EndGlobalSection
	GlobalSection(ProjectConfigurationPlatforms) = postSolution
		{F54BCD07-47A1-4F3A-83DE-998172A52FFF}.Debug|Any CPU.ActiveCfg = Debug|Any CPU
		{F54BCD07-47A1-4F3A-83DE-998172A52FFF}.Debug|Any CPU.Build.0 = Debug|Any CPU
		{F54BCD07-47A1-4F3A-83DE-998172A52FFF}.Release|Any CPU.ActiveCfg = Release|Any CPU
		{F54BCD07-47A1-4F3A-83DE-998172A52FFF}.Release|Any CPU.Build.0 = Release|Any CPU
	EndGlobalSection
	GlobalSection(SolutionProperties) = preSolution
		HideSolutionNode = FALSE
	EndGlobalSection
	GlobalSection(ExtensibilityGlobals) = postSolution
		SolutionGuid = {1A74DC41-E8A3-4DB8-A71D-47BD60559AA8}
	EndGlobalSection
EndGlobal
